
Microsoft Visual Studio Solution File, Format Version 12.00
# Visual Studio Version 16
VisualStudioVersion = 16.0.30225.117
MinimumVisualStudioVersion = 10.0.40219.1
Project("{FAE04EC0-301F-11D3-BF4B-00C04F79EFBC}") = "Vidly", "Vidly.csproj", "{383D6C24-1CC0-4AA9-A092-04213EDD2692}"
EndProject
Global
	GlobalSection(SolutionConfigurationPlatforms) = preSolution
		Debug|Any CPU = Debug|Any CPU
		Release|Any CPU = Release|Any CPU
	EndGlobalSection
	GlobalSection(ProjectConfigurationPlatforms) = postSolution
		{383D6C24-1CC0-4AA9-A092-04213EDD2692}.Debug|Any CPU.ActiveCfg = Debug|Any CPU
		{383D6C24-1CC0-4AA9-A092-04213EDD2692}.Debug|Any CPU.Build.0 = Debug|Any CPU
		{383D6C24-1CC0-4AA9-A092-04213EDD2692}.Release|Any CPU.ActiveCfg = Release|Any CPU
		{383D6C24-1CC0-4AA9-A092-04213EDD2692}.Release|Any CPU.Build.0 = Release|Any CPU
	EndGlobalSection
	GlobalSection(SolutionProperties) = preSolution
		HideSolutionNode = FALSE
	EndGlobalSection
	GlobalSection(ExtensibilityGlobals) = postSolution
		SolutionGuid = {57C2070F-C513-4047-834C-9B2D1A4ACA71}
	EndGlobalSection
EndGlobal
